
Microsoft Visual Studio Solution File, Format Version 10.00
# Visual C++ Express 2008
Project("{8BC9CEB8-8B4A-11D0-8D11-00A0C91BC942}") = "mach", "projects\mach.vcproj", "{41516886-807A-4C36-8C79-2EF3E7F6E117}"
EndProject
Project("{8BC9CEB8-8B4A-11D0-8D11-00A0C91BC942}") = "game-0", "projects\game-0.vcproj", "{12ED1D12-F85A-4B99-AA8E-BB84A9DD37B7}"
	ProjectSection(ProjectDependencies) = postProject
		{41516886-807A-4C36-8C79-2EF3E7F6E117} = {41516886-807A-4C36-8C79-2EF3E7F6E117}
	EndProjectSection
EndProject
Project("{8BC9CEB8-8B4A-11D0-8D11-00A0C91BC942}") = "game-tetris", "projects\game-tetris.vcproj", "{BFA8E9C8-FB84-4D08-9489-57ECE8748FA3}"
	ProjectSection(ProjectDependencies) = postProject
		{36394F64-C1E5-4BD9-AA06-B1F43D1F9ADC} = {36394F64-C1E5-4BD9-AA06-B1F43D1F9ADC}
		{41516886-807A-4C36-8C79-2EF3E7F6E117} = {41516886-807A-4C36-8C79-2EF3E7F6E117}
		{FC0D45B3-B994-49D1-8004-16E61D446C0B} = {FC0D45B3-B994-49D1-8004-16E61D446C0B}
	EndProjectSection
EndProject
Project("{8BC9CEB8-8B4A-11D0-8D11-00A0C91BC942}") = "game-mslug", "projects\game-mslug.vcproj", "{9F06C856-A23E-47FA-995D-89CFC559F2B2}"
	ProjectSection(ProjectDependencies) = postProject
		{270DF504-5021-4E05-BB27-2D30D9F19314} = {270DF504-5021-4E05-BB27-2D30D9F19314}
		{36394F64-C1E5-4BD9-AA06-B1F43D1F9ADC} = {36394F64-C1E5-4BD9-AA06-B1F43D1F9ADC}
		{41516886-807A-4C36-8C79-2EF3E7F6E117} = {41516886-807A-4C36-8C79-2EF3E7F6E117}
		{BE89A8A6-C0D1-4DA2-919C-CE30103D3E3F} = {BE89A8A6-C0D1-4DA2-919C-CE30103D3E3F}
		{FC0D45B3-B994-49D1-8004-16E61D446C0B} = {FC0D45B3-B994-49D1-8004-16E61D446C0B}
	EndProjectSection
EndProject
Project("{8BC9CEB8-8B4A-11D0-8D11-00A0C91BC942}") = "tinyxml2", "projects\tinyxml2.vcproj", "{FC0D45B3-B994-49D1-8004-16E61D446C0B}"
EndProject
Project("{8BC9CEB8-8B4A-11D0-8D11-00A0C91BC942}") = "game-1943", "projects\game-1943.vcproj", "{8F6A615F-5455-4766-B86D-57A5DD2A5209}"
	ProjectSection(ProjectDependencies) = postProject
		{57B5AF42-4D9E-49B4-BBEB-F122D126EEEC} = {57B5AF42-4D9E-49B4-BBEB-F122D126EEEC}
		{36394F64-C1E5-4BD9-AA06-B1F43D1F9ADC} = {36394F64-C1E5-4BD9-AA06-B1F43D1F9ADC}
		{41516886-807A-4C36-8C79-2EF3E7F6E117} = {41516886-807A-4C36-8C79-2EF3E7F6E117}
		{FC0D45B3-B994-49D1-8004-16E61D446C0B} = {FC0D45B3-B994-49D1-8004-16E61D446C0B}
	EndProjectSection
EndProject
Project("{8BC9CEB8-8B4A-11D0-8D11-00A0C91BC942}") = "tmx", "projects\tmx.vcproj", "{57B5AF42-4D9E-49B4-BBEB-F122D126EEEC}"
	ProjectSection(ProjectDependencies) = postProject
		{FC0D45B3-B994-49D1-8004-16E61D446C0B} = {FC0D45B3-B994-49D1-8004-16E61D446C0B}
	EndProjectSection
EndProject
Project("{8BC9CEB8-8B4A-11D0-8D11-00A0C91BC942}") = "gamelib", "projects\gamelib.vcproj", "{36394F64-C1E5-4BD9-AA06-B1F43D1F9ADC}"
EndProject
Project("{8BC9CEB8-8B4A-11D0-8D11-00A0C91BC942}") = "gamelib-mixer", "projects\gamelib-mixer.vcproj", "{270DF504-5021-4E05-BB27-2D30D9F19314}"
EndProject
Project("{8BC9CEB8-8B4A-11D0-8D11-00A0C91BC942}") = "gamelib-pixelmap", "projects\gamelib-pixelmap.vcproj", "{36B868BD-8073-483C-9311-DCBB0AD5BFC3}"
EndProject
Project("{8BC9CEB8-8B4A-11D0-8D11-00A0C91BC942}") = "gamelib-sprites", "projects\gamelib-sprites.vcproj", "{BE89A8A6-C0D1-4DA2-919C-CE30103D3E3F}"
	ProjectSection(ProjectDependencies) = postProject
		{FC0D45B3-B994-49D1-8004-16E61D446C0B} = {FC0D45B3-B994-49D1-8004-16E61D446C0B}
	EndProjectSection
EndProject
Project("{8BC9CEB8-8B4A-11D0-8D11-00A0C91BC942}") = "game-pacman", "projects\game-pacman.vcproj", "{47AD659A-C00D-4E35-A7DA-212D6CF14895}"
	ProjectSection(ProjectDependencies) = postProject
		{270DF504-5021-4E05-BB27-2D30D9F19314} = {270DF504-5021-4E05-BB27-2D30D9F19314}
		{57B5AF42-4D9E-49B4-BBEB-F122D126EEEC} = {57B5AF42-4D9E-49B4-BBEB-F122D126EEEC}
		{36394F64-C1E5-4BD9-AA06-B1F43D1F9ADC} = {36394F64-C1E5-4BD9-AA06-B1F43D1F9ADC}
		{41516886-807A-4C36-8C79-2EF3E7F6E117} = {41516886-807A-4C36-8C79-2EF3E7F6E117}
	EndProjectSection
EndProject
Project("{8BC9CEB8-8B4A-11D0-8D11-00A0C91BC942}") = "game-bcity", "projects\game-bcity.vcproj", "{59A104E7-8C75-45F3-9F94-FDFA63FD854A}"
	ProjectSection(ProjectDependencies) = postProject
		{57B5AF42-4D9E-49B4-BBEB-F122D126EEEC} = {57B5AF42-4D9E-49B4-BBEB-F122D126EEEC}
		{36394F64-C1E5-4BD9-AA06-B1F43D1F9ADC} = {36394F64-C1E5-4BD9-AA06-B1F43D1F9ADC}
		{41516886-807A-4C36-8C79-2EF3E7F6E117} = {41516886-807A-4C36-8C79-2EF3E7F6E117}
	EndProjectSection
EndProject
Project("{8BC9CEB8-8B4A-11D0-8D11-00A0C91BC942}") = "game-aisland", "projects\game-aisland.vcproj", "{DC918A61-BB70-485D-BD7E-6C6160E297F8}"
	ProjectSection(ProjectDependencies) = postProject
		{36394F64-C1E5-4BD9-AA06-B1F43D1F9ADC} = {36394F64-C1E5-4BD9-AA06-B1F43D1F9ADC}
		{41516886-807A-4C36-8C79-2EF3E7F6E117} = {41516886-807A-4C36-8C79-2EF3E7F6E117}
		{BE89A8A6-C0D1-4DA2-919C-CE30103D3E3F} = {BE89A8A6-C0D1-4DA2-919C-CE30103D3E3F}
		{FC0D45B3-B994-49D1-8004-16E61D446C0B} = {FC0D45B3-B994-49D1-8004-16E61D446C0B}
	EndProjectSection
EndProject
Global
	GlobalSection(SolutionConfigurationPlatforms) = preSolution
		Debug|Win32 = Debug|Win32
		Release|Win32 = Release|Win32
	EndGlobalSection
	GlobalSection(ProjectConfigurationPlatforms) = postSolution
		{41516886-807A-4C36-8C79-2EF3E7F6E117}.Debug|Win32.ActiveCfg = Debug|Win32
		{41516886-807A-4C36-8C79-2EF3E7F6E117}.Debug|Win32.Build.0 = Debug|Win32
		{41516886-807A-4C36-8C79-2EF3E7F6E117}.Release|Win32.ActiveCfg = Release|Win32
		{41516886-807A-4C36-8C79-2EF3E7F6E117}.Release|Win32.Build.0 = Release|Win32
		{12ED1D12-F85A-4B99-AA8E-BB84A9DD37B7}.Debug|Win32.ActiveCfg = Debug|Win32
		{12ED1D12-F85A-4B99-AA8E-BB84A9DD37B7}.Debug|Win32.Build.0 = Debug|Win32
		{12ED1D12-F85A-4B99-AA8E-BB84A9DD37B7}.Release|Win32.ActiveCfg = Release|Win32
		{12ED1D12-F85A-4B99-AA8E-BB84A9DD37B7}.Release|Win32.Build.0 = Release|Win32
		{BFA8E9C8-FB84-4D08-9489-57ECE8748FA3}.Debug|Win32.ActiveCfg = Debug|Win32
		{BFA8E9C8-FB84-4D08-9489-57ECE8748FA3}.Debug|Win32.Build.0 = Debug|Win32
		{BFA8E9C8-FB84-4D08-9489-57ECE8748FA3}.Release|Win32.ActiveCfg = Release|Win32
		{BFA8E9C8-FB84-4D08-9489-57ECE8748FA3}.Release|Win32.Build.0 = Release|Win32
		{9F06C856-A23E-47FA-995D-89CFC559F2B2}.Debug|Win32.ActiveCfg = Debug|Win32
		{9F06C856-A23E-47FA-995D-89CFC559F2B2}.Debug|Win32.Build.0 = Debug|Win32
		{9F06C856-A23E-47FA-995D-89CFC559F2B2}.Release|Win32.ActiveCfg = Release|Win32
		{9F06C856-A23E-47FA-995D-89CFC559F2B2}.Release|Win32.Build.0 = Release|Win32
		{FC0D45B3-B994-49D1-8004-16E61D446C0B}.Debug|Win32.ActiveCfg = Debug|Win32
		{FC0D45B3-B994-49D1-8004-16E61D446C0B}.Debug|Win32.Build.0 = Debug|Win32
		{FC0D45B3-B994-49D1-8004-16E61D446C0B}.Release|Win32.ActiveCfg = Release|Win32
		{FC0D45B3-B994-49D1-8004-16E61D446C0B}.Release|Win32.Build.0 = Release|Win32
		{8F6A615F-5455-4766-B86D-57A5DD2A5209}.Debug|Win32.ActiveCfg = Debug|Win32
		{8F6A615F-5455-4766-B86D-57A5DD2A5209}.Debug|Win32.Build.0 = Debug|Win32
		{8F6A615F-5455-4766-B86D-57A5DD2A5209}.Release|Win32.ActiveCfg = Release|Win32
		{8F6A615F-5455-4766-B86D-57A5DD2A5209}.Release|Win32.Build.0 = Release|Win32
		{57B5AF42-4D9E-49B4-BBEB-F122D126EEEC}.Debug|Win32.ActiveCfg = Debug|Win32
		{57B5AF42-4D9E-49B4-BBEB-F122D126EEEC}.Debug|Win32.Build.0 = Debug|Win32
		{57B5AF42-4D9E-49B4-BBEB-F122D126EEEC}.Release|Win32.ActiveCfg = Release|Win32
		{57B5AF42-4D9E-49B4-BBEB-F122D126EEEC}.Release|Win32.Build.0 = Release|Win32
		{36394F64-C1E5-4BD9-AA06-B1F43D1F9ADC}.Debug|Win32.ActiveCfg = Debug|Win32
		{36394F64-C1E5-4BD9-AA06-B1F43D1F9ADC}.Debug|Win32.Build.0 = Debug|Win32
		{36394F64-C1E5-4BD9-AA06-B1F43D1F9ADC}.Release|Win32.ActiveCfg = Release|Win32
		{36394F64-C1E5-4BD9-AA06-B1F43D1F9ADC}.Release|Win32.Build.0 = Release|Win32
		{270DF504-5021-4E05-BB27-2D30D9F19314}.Debug|Win32.ActiveCfg = Debug|Win32
		{270DF504-5021-4E05-BB27-2D30D9F19314}.Debug|Win32.Build.0 = Debug|Win32
		{270DF504-5021-4E05-BB27-2D30D9F19314}.Release|Win32.ActiveCfg = Release|Win32
		{270DF504-5021-4E05-BB27-2D30D9F19314}.Release|Win32.Build.0 = Release|Win32
		{36B868BD-8073-483C-9311-DCBB0AD5BFC3}.Debug|Win32.ActiveCfg = Debug|Win32
		{36B868BD-8073-483C-9311-DCBB0AD5BFC3}.Debug|Win32.Build.0 = Debug|Win32
		{36B868BD-8073-483C-9311-DCBB0AD5BFC3}.Release|Win32.ActiveCfg = Release|Win32
		{36B868BD-8073-483C-9311-DCBB0AD5BFC3}.Release|Win32.Build.0 = Release|Win32
		{BE89A8A6-C0D1-4DA2-919C-CE30103D3E3F}.Debug|Win32.ActiveCfg = Debug|Win32
		{BE89A8A6-C0D1-4DA2-919C-CE30103D3E3F}.Debug|Win32.Build.0 = Debug|Win32
		{BE89A8A6-C0D1-4DA2-919C-CE30103D3E3F}.Release|Win32.ActiveCfg = Release|Win32
		{BE89A8A6-C0D1-4DA2-919C-CE30103D3E3F}.Release|Win32.Build.0 = Release|Win32
		{47AD659A-C00D-4E35-A7DA-212D6CF14895}.Debug|Win32.ActiveCfg = Debug|Win32
		{47AD659A-C00D-4E35-A7DA-212D6CF14895}.Debug|Win32.Build.0 = Debug|Win32
		{47AD659A-C00D-4E35-A7DA-212D6CF14895}.Release|Win32.ActiveCfg = Release|Win32
		{47AD659A-C00D-4E35-A7DA-212D6CF14895}.Release|Win32.Build.0 = Release|Win32
		{59A104E7-8C75-45F3-9F94-FDFA63FD854A}.Debug|Win32.ActiveCfg = Debug|Win32
		{59A104E7-8C75-45F3-9F94-FDFA63FD854A}.Debug|Win32.Build.0 = Debug|Win32
		{59A104E7-8C75-45F3-9F94-FDFA63FD854A}.Release|Win32.ActiveCfg = Release|Win32
		{59A104E7-8C75-45F3-9F94-FDFA63FD854A}.Release|Win32.Build.0 = Release|Win32
		{DC918A61-BB70-485D-BD7E-6C6160E297F8}.Debug|Win32.ActiveCfg = Debug|Win32
		{DC918A61-BB70-485D-BD7E-6C6160E297F8}.Debug|Win32.Build.0 = Debug|Win32
		{DC918A61-BB70-485D-BD7E-6C6160E297F8}.Release|Win32.ActiveCfg = Release|Win32
		{DC918A61-BB70-485D-BD7E-6C6160E297F8}.Release|Win32.Build.0 = Release|Win32
	EndGlobalSection
	GlobalSection(SolutionProperties) = preSolution
		HideSolutionNode = FALSE
	EndGlobalSection
EndGlobal
